
Microsoft Visual Studio Solution File, Format Version 12.00
# Visual Studio 2012
Project("{FAE04EC0-301F-11D3-BF4B-00C04F79EFBC}") = "MSSE680_WilliamsLogMgmtPortal", "MSSE680_WilliamsLogMgmtPortal\MSSE680_WilliamsLogMgmtPortal.csproj", "{4DB5698A-8084-4886-831D-6BE363459F81}"
EndProject
Project("{FAE04EC0-301F-11D3-BF4B-00C04F79EFBC}") = "DALUnitTest", "DALUnitTest\DALUnitTest.csproj", "{605B4151-60FC-49AB-BB16-61963117D584}"
EndProject
Project("{FAE04EC0-301F-11D3-BF4B-00C04F79EFBC}") = "ServicesUnitTest", "ServicesUnitTest\ServicesUnitTest.csproj", "{C41D2E2C-93BB-4393-97BB-AEBE7A527235}"
EndProject
Project("{FAE04EC0-301F-11D3-BF4B-00C04F79EFBC}") = "Business", "Business\Business.csproj", "{96238446-3568-4732-86AB-0F94CA117110}"
EndProject
Project("{FAE04EC0-301F-11D3-BF4B-00C04F79EFBC}") = "Services", "Services\Services.csproj", "{812356BC-EE48-4240-8323-75139823E65C}"
EndProject
Project("{FAE04EC0-301F-11D3-BF4B-00C04F79EFBC}") = "BusinessUnitTests", "BusinessUnitTests\BusinessUnitTests.csproj", "{2D4C54C0-1E76-4A9A-B08C-86004FB39C15}"
EndProject
Project("{FAE04EC0-301F-11D3-BF4B-00C04F79EFBC}") = "Presentation", "Presentation\Presentation.csproj", "{ABE92678-32B7-446B-8E94-F294B32FD049}"
EndProject
Global
	GlobalSection(SolutionConfigurationPlatforms) = preSolution
		Debug|Any CPU = Debug|Any CPU
		Release|Any CPU = Release|Any CPU
	EndGlobalSection
	GlobalSection(ProjectConfigurationPlatforms) = postSolution
		{4DB5698A-8084-4886-831D-6BE363459F81}.Debug|Any CPU.ActiveCfg = Debug|Any CPU
		{4DB5698A-8084-4886-831D-6BE363459F81}.Debug|Any CPU.Build.0 = Debug|Any CPU
		{4DB5698A-8084-4886-831D-6BE363459F81}.Release|Any CPU.ActiveCfg = Release|Any CPU
		{4DB5698A-8084-4886-831D-6BE363459F81}.Release|Any CPU.Build.0 = Release|Any CPU
		{605B4151-60FC-49AB-BB16-61963117D584}.Debug|Any CPU.ActiveCfg = Debug|Any CPU
		{605B4151-60FC-49AB-BB16-61963117D584}.Debug|Any CPU.Build.0 = Debug|Any CPU
		{605B4151-60FC-49AB-BB16-61963117D584}.Release|Any CPU.ActiveCfg = Release|Any CPU
		{605B4151-60FC-49AB-BB16-61963117D584}.Release|Any CPU.Build.0 = Release|Any CPU
		{C41D2E2C-93BB-4393-97BB-AEBE7A527235}.Debug|Any CPU.ActiveCfg = Debug|Any CPU
		{C41D2E2C-93BB-4393-97BB-AEBE7A527235}.Debug|Any CPU.Build.0 = Debug|Any CPU
		{C41D2E2C-93BB-4393-97BB-AEBE7A527235}.Release|Any CPU.ActiveCfg = Release|Any CPU
		{C41D2E2C-93BB-4393-97BB-AEBE7A527235}.Release|Any CPU.Build.0 = Release|Any CPU
		{96238446-3568-4732-86AB-0F94CA117110}.Debug|Any CPU.ActiveCfg = Debug|Any CPU
		{96238446-3568-4732-86AB-0F94CA117110}.Debug|Any CPU.Build.0 = Debug|Any CPU
		{96238446-3568-4732-86AB-0F94CA117110}.Release|Any CPU.ActiveCfg = Release|Any CPU
		{96238446-3568-4732-86AB-0F94CA117110}.Release|Any CPU.Build.0 = Release|Any CPU
		{812356BC-EE48-4240-8323-75139823E65C}.Debug|Any CPU.ActiveCfg = Debug|Any CPU
		{812356BC-EE48-4240-8323-75139823E65C}.Debug|Any CPU.Build.0 = Debug|Any CPU
		{812356BC-EE48-4240-8323-75139823E65C}.Release|Any CPU.ActiveCfg = Release|Any CPU
		{812356BC-EE48-4240-8323-75139823E65C}.Release|Any CPU.Build.0 = Release|Any CPU
		{2D4C54C0-1E76-4A9A-B08C-86004FB39C15}.Debug|Any CPU.ActiveCfg = Debug|Any CPU
		{2D4C54C0-1E76-4A9A-B08C-86004FB39C15}.Debug|Any CPU.Build.0 = Debug|Any CPU
		{2D4C54C0-1E76-4A9A-B08C-86004FB39C15}.Release|Any CPU.ActiveCfg = Release|Any CPU
		{2D4C54C0-1E76-4A9A-B08C-86004FB39C15}.Release|Any CPU.Build.0 = Release|Any CPU
		{ABE92678-32B7-446B-8E94-F294B32FD049}.Debug|Any CPU.ActiveCfg = Debug|Any CPU
		{ABE92678-32B7-446B-8E94-F294B32FD049}.Debug|Any CPU.Build.0 = Debug|Any CPU
		{ABE92678-32B7-446B-8E94-F294B32FD049}.Release|Any CPU.ActiveCfg = Release|Any CPU
		{ABE92678-32B7-446B-8E94-F294B32FD049}.Release|Any CPU.Build.0 = Release|Any CPU
	EndGlobalSection
	GlobalSection(SolutionProperties) = preSolution
		HideSolutionNode = FALSE
	EndGlobalSection
EndGlobal
